<?xml version="1.0" encoding="utf-8"?>
<Project ToolsVersion="4.0" xmlns="http://schemas.microsoft.com/developer/msbuild/2003">
  <ItemGroup>
    <Filter Include="data">
      <UniqueIdentifier>{08d2c747-bb8d-49d2-96b1-92c114063b01}</UniqueIdentifier>
    </Filter>
    <Filter Include="src">
      <UniqueIdentifier>{4FC737F1-C7A5-4376-A066-2A32D752A2FF}</UniqueIdentifier>
      <Extensions>cpp;c;cc;cxx;c++;cppm;ixx;def;odl;idl;hpj;bat;asm;asmx</Extensions>
    </Filter>
    <Filter Include="features">
      <UniqueIdentifier>{83e662da-2fc3-4139-8630-b036630e54c1}</UniqueIdentifier>
    </Filter>
    <Filter Include="features\bank system">
      <UniqueIdentifier>{ea7eb7a3-deda-4ca1-9355-588dd5566b07}</UniqueIdentifier>
    </Filter>
    <Filter Include="features\bank system\models">
      <UniqueIdentifier>{2142e2aa-70c3-42db-908f-2f93a930a84b}</UniqueIdentifier>
    </Filter>
    <Filter Include="features\manage users">
      <UniqueIdentifier>{d8a557c1-9135-4076-bde2-1d4fe1e65d38}</UniqueIdentifier>
    </Filter>
    <Filter Include="features\manage users\models">
      <UniqueIdentifier>{b156cded-20cd-47c9-951e-ecdbaedd3671}</UniqueIdentifier>
    </Filter>
    <Filter Include="features\auth manager">
      <UniqueIdentifier>{a5972989-af7f-4d91-835f-fa9b3fda4960}</UniqueIdentifier>
    </Filter>
    <Filter Include="core">
      <UniqueIdentifier>{fe5121c1-cf1b-4e12-9fbb-4c0f5c31f15f}</UniqueIdentifier>
    </Filter>
    <Filter Include="core\Utils">
      <UniqueIdentifier>{7bdf6f54-dd49-4e69-bc63-ead287c65c7f}</UniqueIdentifier>
    </Filter>
    <Filter Include="core\Utils\implementaion">
      <UniqueIdentifier>{c0cac15a-a8c9-4b4f-b27d-6c87a95e8b04}</UniqueIdentifier>
    </Filter>
    <Filter Include="core\Utils\headers">
      <UniqueIdentifier>{1a27f6f7-9303-4839-a829-866f7ffc1283}</UniqueIdentifier>
    </Filter>
    <Filter Include="core\system utilities">
      <UniqueIdentifier>{488cb4ba-87a9-4602-aeef-f6feece27cde}</UniqueIdentifier>
    </Filter>
    <Filter Include="core\constants">
      <UniqueIdentifier>{01b68462-7e7e-443e-b5a4-cdad517bbe1e}</UniqueIdentifier>
    </Filter>
  </ItemGroup>
  <ItemGroup>
    <ClCompile Include="core\constants\file_pathes.cpp">
      <Filter>core\constants</Filter>
    </ClCompile>
    <ClCompile Include="core\system utilities\memory_cleaner.cpp">
      <Filter>core\system utilities</Filter>
    </ClCompile>
    <ClCompile Include="features\auth manager\auth_manager.cpp">
      <Filter>features\auth manager</Filter>
    </ClCompile>
    <ClCompile Include="features\bank system\bank_system.cpp">
      <Filter>features\bank system</Filter>
    </ClCompile>
    <ClCompile Include="features\bank system\models\client_info.cpp">
      <Filter>features\bank system\models</Filter>
    </ClCompile>
    <ClCompile Include="features\manage users\manage_users.cpp">
      <Filter>features\manage users</Filter>
    </ClCompile>
    <ClCompile Include="features\manage users\models\user_info.cpp">
      <Filter>features\manage users\models</Filter>
    </ClCompile>
    <ClCompile Include="src\Bank_Management_system_using_c++.cpp">
      <Filter>src</Filter>
    </ClCompile>
    <ClCompile Include="core\utils\implementaions\big_number_utils.cpp">
      <Filter>core\Utils\implementaion</Filter>
    </ClCompile>
    <ClCompile Include="core\utils\implementaions\console_helper.cpp">
      <Filter>core\Utils\implementaion</Filter>
    </ClCompile>
    <ClCompile Include="core\utils\implementaions\data_reader.cpp">
      <Filter>core\Utils\implementaion</Filter>
    </ClCompile>
    <ClCompile Include="core\utils\implementaions\file_operations.cpp">
      <Filter>core\Utils\implementaion</Filter>
    </ClCompile>
    <ClCompile Include="core\utils\implementaions\input_validator_utils.cpp">
      <Filter>core\Utils\implementaion</Filter>
    </ClCompile>
    <ClCompile Include="core\utils\implementaions\string_operations.cpp">
      <Filter>core\Utils\implementaion</Filter>
    </ClCompile>
  </ItemGroup>
  <ItemGroup>
    <ClInclude Include="core\constants\file_pathes.h">
      <Filter>core\constants</Filter>
    </ClInclude>
    <ClInclude Include="core\system utilities\memory_cleaner.h">
      <Filter>core\system utilities</Filter>
    </ClInclude>
    <ClInclude Include="features\auth manager\auth_manager.h">
      <Filter>features\auth manager</Filter>
    </ClInclude>
    <ClInclude Include="features\bank system\bank_system.h">
      <Filter>features\bank system</Filter>
    </ClInclude>
    <ClInclude Include="features\bank system\models\client_info.h">
      <Filter>features\bank system\models</Filter>
    </ClInclude>
    <ClInclude Include="features\manage users\manage_users.h">
      <Filter>features\manage users</Filter>
    </ClInclude>
    <ClInclude Include="features\manage users\models\user_info.h">
      <Filter>features\manage users\models</Filter>
    </ClInclude>
    <ClInclude Include="core\utils\headers\big_number_utils.h">
      <Filter>core\Utils\headers</Filter>
    </ClInclude>
    <ClInclude Include="core\utils\headers\console_helper.h">
      <Filter>core\Utils\headers</Filter>
    </ClInclude>
    <ClInclude Include="core\utils\headers\data_reader.h">
      <Filter>core\Utils\headers</Filter>
    </ClInclude>
    <ClInclude Include="core\utils\headers\file_operations.h">
      <Filter>core\Utils\headers</Filter>
    </ClInclude>
    <ClInclude Include="core\utils\headers\input_validator_utils.h">
      <Filter>core\Utils\headers</Filter>
    </ClInclude>
    <ClInclude Include="core\utils\headers\string_operations.h">
      <Filter>core\Utils\headers</Filter>
    </ClInclude>
  </ItemGroup>
  <ItemGroup>
    <Text Include="data\Users.txt">
      <Filter>data</Filter>
    </Text>
    <Text Include="data\Clients.txt">
      <Filter>data</Filter>
    </Text>
  </ItemGroup>
</Project>